{
  "name": "pkcs11",
  "lockfileVersion": 3,
  "requires": true,
  "packages": {
    "": {
      "dependencies": {
        "pkcs11js": "^2.1.6"
      }
    },
    "node_modules/pkcs11js": {
      "version": "2.1.6",
      "resolved": "https://registry.npmjs.org/pkcs11js/-/pkcs11js-2.1.6.tgz",
      "integrity": "sha512-+t5jxzB749q8GaEd1yNx3l98xYuaVK6WW/Vjg1Mk1Iy5bMu/A5W4O/9wZGrpOknWF6lFQSb12FXX+eSNxdriwA==",
      "hasInstallScript": true,
      "license": "MIT",
      "engines": {
        "node": ">=18.0.0"
      },
      "funding": {
        "type": "github",
        "url": "https://github.com/sponsors/PeculiarVentures"
      }
    }
  }
}
